
Microsoft Visual Studio Solution File, Format Version 12.00
# Visual Studio Version 16
VisualStudioVersion = 16.0.29025.244
MinimumVisualStudioVersion = 10.0.40219.1
Project("{9A19103F-16F7-4668-BE54-9A1E7A4F7556}") = "EMap.MapServer.Services", "EMap.MapServer.Services\EMap.MapServer.Services.csproj", "{AE8F8E9C-0A78-4598-AEA3-F215D2331FF0}"
EndProject
Project("{9A19103F-16F7-4668-BE54-9A1E7A4F7556}") = "EMap.MapServer.OpenLayers", "EMap.MapServer.OpenLayers\EMap.MapServer.OpenLayers.csproj", "{0DD22C3D-037D-422C-87F0-F62021276011}"
EndProject
Project("{9A19103F-16F7-4668-BE54-9A1E7A4F7556}") = "EMap.MapServer", "EMap.MapServer\EMap.MapServer.csproj", "{B4A658C0-F43E-4915-966C-220C46171553}"
EndProject
Project("{9A19103F-16F7-4668-BE54-9A1E7A4F7556}") = "EMap.OgcStandards.Services.Gdals", "EMap.OgcStandards.Services.Gdals\EMap.OgcStandards.Services.Gdals.csproj", "{B59DBC21-A354-41EF-A7DF-05C4D3414D0B}"
EndProject
Global
	GlobalSection(SolutionConfigurationPlatforms) = preSolution
		Debug|Any CPU = Debug|Any CPU
		Release|Any CPU = Release|Any CPU
	EndGlobalSection
	GlobalSection(ProjectConfigurationPlatforms) = postSolution
		{AE8F8E9C-0A78-4598-AEA3-F215D2331FF0}.Debug|Any CPU.ActiveCfg = Debug|Any CPU
		{AE8F8E9C-0A78-4598-AEA3-F215D2331FF0}.Debug|Any CPU.Build.0 = Debug|Any CPU
		{AE8F8E9C-0A78-4598-AEA3-F215D2331FF0}.Release|Any CPU.ActiveCfg = Release|Any CPU
		{AE8F8E9C-0A78-4598-AEA3-F215D2331FF0}.Release|Any CPU.Build.0 = Release|Any CPU
		{0DD22C3D-037D-422C-87F0-F62021276011}.Debug|Any CPU.ActiveCfg = Debug|Any CPU
		{0DD22C3D-037D-422C-87F0-F62021276011}.Debug|Any CPU.Build.0 = Debug|Any CPU
		{0DD22C3D-037D-422C-87F0-F62021276011}.Release|Any CPU.ActiveCfg = Release|Any CPU
		{0DD22C3D-037D-422C-87F0-F62021276011}.Release|Any CPU.Build.0 = Release|Any CPU
		{B4A658C0-F43E-4915-966C-220C46171553}.Debug|Any CPU.ActiveCfg = Debug|Any CPU
		{B4A658C0-F43E-4915-966C-220C46171553}.Debug|Any CPU.Build.0 = Debug|Any CPU
		{B4A658C0-F43E-4915-966C-220C46171553}.Release|Any CPU.ActiveCfg = Release|Any CPU
		{B4A658C0-F43E-4915-966C-220C46171553}.Release|Any CPU.Build.0 = Release|Any CPU
		{B59DBC21-A354-41EF-A7DF-05C4D3414D0B}.Debug|Any CPU.ActiveCfg = Debug|Any CPU
		{B59DBC21-A354-41EF-A7DF-05C4D3414D0B}.Debug|Any CPU.Build.0 = Debug|Any CPU
		{B59DBC21-A354-41EF-A7DF-05C4D3414D0B}.Release|Any CPU.ActiveCfg = Release|Any CPU
		{B59DBC21-A354-41EF-A7DF-05C4D3414D0B}.Release|Any CPU.Build.0 = Release|Any CPU
	EndGlobalSection
	GlobalSection(SolutionProperties) = preSolution
		HideSolutionNode = FALSE
	EndGlobalSection
	GlobalSection(ExtensibilityGlobals) = postSolution
		SolutionGuid = {1FA9E5BD-BA03-46E9-8996-B911C3AD0015}
	EndGlobalSection
EndGlobal
