
Microsoft Visual Studio Solution File, Format Version 12.00
# Visual Studio Version 16
VisualStudioVersion = 16.0.29001.49
MinimumVisualStudioVersion = 10.0.40219.1
Project("{2150E333-8FDC-42A3-9474-1A3956D46DE8}") = "Isotc211", "Isotc211", "{A035E2C3-5413-476E-92D8-0E641B12ED05}"
EndProject
Project("{2150E333-8FDC-42A3-9474-1A3956D46DE8}") = "Gml", "Gml", "{91046628-0CFC-49C2-A3EC-85E132B97EC9}"
EndProject
Project("{2150E333-8FDC-42A3-9474-1A3956D46DE8}") = "Ogc", "Ogc", "{249C41B1-3B73-4AA2-AFE5-40F7517C251A}"
EndProject
Project("{2150E333-8FDC-42A3-9474-1A3956D46DE8}") = "Ows", "Ows", "{50CE9E97-4641-4A36-92FC-B2D16B0489DC}"
EndProject
Project("{2150E333-8FDC-42A3-9474-1A3956D46DE8}") = "Services", "Services", "{224C02E1-3B24-4253-B7FA-7A3474761F32}"
EndProject
Project("{9A19103F-16F7-4668-BE54-9A1E7A4F7556}") = "SharpMapServer.Services", "SharpMapServer.Services\SharpMapServer.Services.csproj", "{770F96D5-75BD-44E4-B5E0-A3C2C9E35BA6}"
EndProject
Project("{9A19103F-16F7-4668-BE54-9A1E7A4F7556}") = "SharpMapServer.Creator", "SharpMapServer.Creator\SharpMapServer.Creator.csproj", "{BD69A13D-B895-46B8-B395-F58D6F386BE7}"
EndProject
Project("{9A19103F-16F7-4668-BE54-9A1E7A4F7556}") = "SharpMapServer.Isotc211.Gco", "SharpMapServer.Isotc211.Gco\SharpMapServer.Isotc211.Gco.csproj", "{A537AB8C-88AA-4C9C-AE0C-37D0A19761E8}"
EndProject
Project("{9A19103F-16F7-4668-BE54-9A1E7A4F7556}") = "SharpMapServer.Xlink", "SharpMapServer.Xlink\SharpMapServer.Xlink.csproj", "{171A5DF0-1306-431E-89D0-5E0D52BC7F98}"
EndProject
Project("{9A19103F-16F7-4668-BE54-9A1E7A4F7556}") = "SharpMapServer.Isotc211.Gmd", "SharpMapServer.Isotc211.Gmd\SharpMapServer.Isotc211.Gmd.csproj", "{1EA0D4C1-DD76-41BD-AB6A-1047134EC461}"
EndProject
Project("{9A19103F-16F7-4668-BE54-9A1E7A4F7556}") = "SharpMapServer.Isotc211.Gsr", "SharpMapServer.Isotc211.Gsr\SharpMapServer.Isotc211.Gsr.csproj", "{5BFAFB16-B5BB-44AC-A1BC-E4AEE5F9527C}"
EndProject
Project("{9A19103F-16F7-4668-BE54-9A1E7A4F7556}") = "SharpMapServer.Isotc211.Gss", "SharpMapServer.Isotc211.Gss\SharpMapServer.Isotc211.Gss.csproj", "{E36DDCAD-C454-40D0-BE6C-057C224BE852}"
EndProject
Project("{9A19103F-16F7-4668-BE54-9A1E7A4F7556}") = "SharpMapServer.Isotc211.Gts", "SharpMapServer.Isotc211.Gts\SharpMapServer.Isotc211.Gts.csproj", "{C44DF2D1-F468-4C17-8EFD-0E22DD0DDD69}"
EndProject
Project("{9A19103F-16F7-4668-BE54-9A1E7A4F7556}") = "SharpMapServer.Ogc.Gmlcov1", "SharpMapServer.Ogc.Gmlcov1\SharpMapServer.Ogc.Gmlcov1.csproj", "{03E405FD-28DE-4B6A-8B6B-A03552269109}"
EndProject
Project("{9A19103F-16F7-4668-BE54-9A1E7A4F7556}") = "SharpMapServer.Ogc.Gml", "SharpMapServer.Ogc.Gml\SharpMapServer.Ogc.Gml.csproj", "{33CCD635-F701-438D-8D13-08B0B07D6B26}"
EndProject
Project("{9A19103F-16F7-4668-BE54-9A1E7A4F7556}") = "SharpMapServer.Ogc.Gml3_2", "SharpMapServer.Ogc.Gml3_2\SharpMapServer.Ogc.Gml3_2.csproj", "{02C4E48D-8665-4E56-BA9E-1D10D8AD37D7}"
EndProject
Project("{9A19103F-16F7-4668-BE54-9A1E7A4F7556}") = "SharpMapServer.Ogc.Ows1_1", "SharpMapServer.Ogc.Ows1_1\SharpMapServer.Ogc.Ows1_1.csproj", "{272AECE3-9F23-4074-8055-7A25095DCC7B}"
EndProject
Project("{9A19103F-16F7-4668-BE54-9A1E7A4F7556}") = "SharpMapServer.Ogc.Ows2", "SharpMapServer.Ogc.Ows2\SharpMapServer.Ogc.Ows2.csproj", "{B00321A1-7091-4934-B7CB-F0FB723825FF}"
EndProject
Project("{9A19103F-16F7-4668-BE54-9A1E7A4F7556}") = "SharpMapServer.Ogc.Wcs2", "SharpMapServer.Ogc.Wcs2\SharpMapServer.Ogc.Wcs2.csproj", "{60A69467-7092-4BA7-9E18-7FA23EBD038F}"
EndProject
Project("{9A19103F-16F7-4668-BE54-9A1E7A4F7556}") = "SharpMapServer.Ogc.Wfs2", "SharpMapServer.Ogc.Wfs2\SharpMapServer.Ogc.Wfs2.csproj", "{E271511E-8580-4994-909B-6B9C7C94E4A0}"
EndProject
Project("{9A19103F-16F7-4668-BE54-9A1E7A4F7556}") = "SharpMapServer.Ogc.Wmts1", "SharpMapServer.Ogc.Wmts1\SharpMapServer.Ogc.Wmts1.csproj", "{C0304D51-C087-4204-8D5D-C7AFD0BFCFBA}"
EndProject
Project("{9A19103F-16F7-4668-BE54-9A1E7A4F7556}") = "SharpMapServer.Ogc.Fes2", "SharpMapServer.Ogc.Fes2\SharpMapServer.Ogc.Fes2.csproj", "{758F6084-CCE3-4BFB-8F7B-381361618880}"
EndProject
Project("{9A19103F-16F7-4668-BE54-9A1E7A4F7556}") = "SharpMapServer.Ogc.Security1", "SharpMapServer.Ogc.Security1\SharpMapServer.Ogc.Security1.csproj", "{2D9F3947-2B52-4050-A22D-5A048FEF05E5}"
EndProject
Project("{9A19103F-16F7-4668-BE54-9A1E7A4F7556}") = "SharpMapServer.Ogc.Swe2", "SharpMapServer.Ogc.Swe2\SharpMapServer.Ogc.Swe2.csproj", "{BE62DEED-3A1D-43E8-AF0D-A0179D46CA36}"
EndProject
Project("{9A19103F-16F7-4668-BE54-9A1E7A4F7556}") = "SharpMapServer.Ogc", "SharpMapServer.Ogc\SharpMapServer.Ogc.csproj", "{61E59376-BCEC-4E0A-9791-5505508A7516}"
EndProject
Project("{9A19103F-16F7-4668-BE54-9A1E7A4F7556}") = "SharpMapServer.SMIL20", "SharpMapServer.SMIL20\SharpMapServer.SMIL20.csproj", "{EF341108-8649-4A59-9B5A-CD7DFD33DDDB}"
EndProject
Project("{9A19103F-16F7-4668-BE54-9A1E7A4F7556}") = "SharpMapServer.SMIL20.Language", "SharpMapServer.SMIL20.Language\SharpMapServer.SMIL20.Language.csproj", "{6C1196CE-74CA-4081-A888-814B9EE86449}"
EndProject
Project("{9A19103F-16F7-4668-BE54-9A1E7A4F7556}") = "SharpMapServer.Ogc.Wms", "SharpMapServer.Ogc.Wms\SharpMapServer.Ogc.Wms.csproj", "{8EF1B24A-1961-468E-A9C5-4551AD5DF3C1}"
EndProject
Project("{9A19103F-16F7-4668-BE54-9A1E7A4F7556}") = "SharpMapServer.Extensions", "SharpMapServer.Extensions\SharpMapServer.Extensions.csproj", "{CFB1D1F7-19FF-455F-B207-69E92E59A354}"
EndProject
Project("{2150E333-8FDC-42A3-9474-1A3956D46DE8}") = "FrameWork", "FrameWork", "{58221ED9-B825-4238-BCF6-928B1EAFE049}"
EndProject
Project("{FAE04EC0-301F-11D3-BF4B-00C04F79EFBC}") = "SharpMapServer.Ogc.Services.DotSpatial", "SharpMapServer.DotSpatial\SharpMapServer.Ogc.Services.DotSpatial.csproj", "{AAA7845F-D4F0-46F6-80AD-F1BCFBAEC4EB}"
EndProject
Project("{9A19103F-16F7-4668-BE54-9A1E7A4F7556}") = "SharpMapServer.Ogc.Services", "SharpMapServer.Ogc.Services\SharpMapServer.Ogc.Services.csproj", "{D0B7AECF-24D4-4EFA-A7C7-4E53B9E7D568}"
EndProject
Project("{9A19103F-16F7-4668-BE54-9A1E7A4F7556}") = "SharpMapServer.Ogc.Services.Gdals", "SharpMapServer.Ogc.Services.Gdal\SharpMapServer.Ogc.Services.Gdals.csproj", "{DC6FA48C-80EC-4A62-AB8A-B1C420D32B9A}"
EndProject
Project("{2150E333-8FDC-42A3-9474-1A3956D46DE8}") = "Schemas", "Schemas", "{C8E39822-E596-4B27-A8B9-B6770EA620B7}"
EndProject
Global
	GlobalSection(SolutionConfigurationPlatforms) = preSolution
		Debug|Any CPU = Debug|Any CPU
		Release|Any CPU = Release|Any CPU
	EndGlobalSection
	GlobalSection(ProjectConfigurationPlatforms) = postSolution
		{770F96D5-75BD-44E4-B5E0-A3C2C9E35BA6}.Debug|Any CPU.ActiveCfg = Debug|Any CPU
		{770F96D5-75BD-44E4-B5E0-A3C2C9E35BA6}.Debug|Any CPU.Build.0 = Debug|Any CPU
		{770F96D5-75BD-44E4-B5E0-A3C2C9E35BA6}.Release|Any CPU.ActiveCfg = Release|Any CPU
		{770F96D5-75BD-44E4-B5E0-A3C2C9E35BA6}.Release|Any CPU.Build.0 = Release|Any CPU
		{BD69A13D-B895-46B8-B395-F58D6F386BE7}.Debug|Any CPU.ActiveCfg = Debug|Any CPU
		{BD69A13D-B895-46B8-B395-F58D6F386BE7}.Debug|Any CPU.Build.0 = Debug|Any CPU
		{BD69A13D-B895-46B8-B395-F58D6F386BE7}.Release|Any CPU.ActiveCfg = Release|Any CPU
		{BD69A13D-B895-46B8-B395-F58D6F386BE7}.Release|Any CPU.Build.0 = Release|Any CPU
		{A537AB8C-88AA-4C9C-AE0C-37D0A19761E8}.Debug|Any CPU.ActiveCfg = Debug|Any CPU
		{A537AB8C-88AA-4C9C-AE0C-37D0A19761E8}.Debug|Any CPU.Build.0 = Debug|Any CPU
		{A537AB8C-88AA-4C9C-AE0C-37D0A19761E8}.Release|Any CPU.ActiveCfg = Release|Any CPU
		{A537AB8C-88AA-4C9C-AE0C-37D0A19761E8}.Release|Any CPU.Build.0 = Release|Any CPU
		{171A5DF0-1306-431E-89D0-5E0D52BC7F98}.Debug|Any CPU.ActiveCfg = Debug|Any CPU
		{171A5DF0-1306-431E-89D0-5E0D52BC7F98}.Debug|Any CPU.Build.0 = Debug|Any CPU
		{171A5DF0-1306-431E-89D0-5E0D52BC7F98}.Release|Any CPU.ActiveCfg = Release|Any CPU
		{171A5DF0-1306-431E-89D0-5E0D52BC7F98}.Release|Any CPU.Build.0 = Release|Any CPU
		{1EA0D4C1-DD76-41BD-AB6A-1047134EC461}.Debug|Any CPU.ActiveCfg = Debug|Any CPU
		{1EA0D4C1-DD76-41BD-AB6A-1047134EC461}.Debug|Any CPU.Build.0 = Debug|Any CPU
		{1EA0D4C1-DD76-41BD-AB6A-1047134EC461}.Release|Any CPU.ActiveCfg = Release|Any CPU
		{1EA0D4C1-DD76-41BD-AB6A-1047134EC461}.Release|Any CPU.Build.0 = Release|Any CPU
		{5BFAFB16-B5BB-44AC-A1BC-E4AEE5F9527C}.Debug|Any CPU.ActiveCfg = Debug|Any CPU
		{5BFAFB16-B5BB-44AC-A1BC-E4AEE5F9527C}.Debug|Any CPU.Build.0 = Debug|Any CPU
		{5BFAFB16-B5BB-44AC-A1BC-E4AEE5F9527C}.Release|Any CPU.ActiveCfg = Release|Any CPU
		{5BFAFB16-B5BB-44AC-A1BC-E4AEE5F9527C}.Release|Any CPU.Build.0 = Release|Any CPU
		{E36DDCAD-C454-40D0-BE6C-057C224BE852}.Debug|Any CPU.ActiveCfg = Debug|Any CPU
		{E36DDCAD-C454-40D0-BE6C-057C224BE852}.Debug|Any CPU.Build.0 = Debug|Any CPU
		{E36DDCAD-C454-40D0-BE6C-057C224BE852}.Release|Any CPU.ActiveCfg = Release|Any CPU
		{E36DDCAD-C454-40D0-BE6C-057C224BE852}.Release|Any CPU.Build.0 = Release|Any CPU
		{C44DF2D1-F468-4C17-8EFD-0E22DD0DDD69}.Debug|Any CPU.ActiveCfg = Debug|Any CPU
		{C44DF2D1-F468-4C17-8EFD-0E22DD0DDD69}.Debug|Any CPU.Build.0 = Debug|Any CPU
		{C44DF2D1-F468-4C17-8EFD-0E22DD0DDD69}.Release|Any CPU.ActiveCfg = Release|Any CPU
		{C44DF2D1-F468-4C17-8EFD-0E22DD0DDD69}.Release|Any CPU.Build.0 = Release|Any CPU
		{03E405FD-28DE-4B6A-8B6B-A03552269109}.Debug|Any CPU.ActiveCfg = Debug|Any CPU
		{03E405FD-28DE-4B6A-8B6B-A03552269109}.Debug|Any CPU.Build.0 = Debug|Any CPU
		{03E405FD-28DE-4B6A-8B6B-A03552269109}.Release|Any CPU.ActiveCfg = Release|Any CPU
		{03E405FD-28DE-4B6A-8B6B-A03552269109}.Release|Any CPU.Build.0 = Release|Any CPU
		{33CCD635-F701-438D-8D13-08B0B07D6B26}.Debug|Any CPU.ActiveCfg = Debug|Any CPU
		{33CCD635-F701-438D-8D13-08B0B07D6B26}.Debug|Any CPU.Build.0 = Debug|Any CPU
		{33CCD635-F701-438D-8D13-08B0B07D6B26}.Release|Any CPU.ActiveCfg = Release|Any CPU
		{33CCD635-F701-438D-8D13-08B0B07D6B26}.Release|Any CPU.Build.0 = Release|Any CPU
		{02C4E48D-8665-4E56-BA9E-1D10D8AD37D7}.Debug|Any CPU.ActiveCfg = Debug|Any CPU
		{02C4E48D-8665-4E56-BA9E-1D10D8AD37D7}.Debug|Any CPU.Build.0 = Debug|Any CPU
		{02C4E48D-8665-4E56-BA9E-1D10D8AD37D7}.Release|Any CPU.ActiveCfg = Release|Any CPU
		{02C4E48D-8665-4E56-BA9E-1D10D8AD37D7}.Release|Any CPU.Build.0 = Release|Any CPU
		{272AECE3-9F23-4074-8055-7A25095DCC7B}.Debug|Any CPU.ActiveCfg = Debug|Any CPU
		{272AECE3-9F23-4074-8055-7A25095DCC7B}.Debug|Any CPU.Build.0 = Debug|Any CPU
		{272AECE3-9F23-4074-8055-7A25095DCC7B}.Release|Any CPU.ActiveCfg = Release|Any CPU
		{272AECE3-9F23-4074-8055-7A25095DCC7B}.Release|Any CPU.Build.0 = Release|Any CPU
		{B00321A1-7091-4934-B7CB-F0FB723825FF}.Debug|Any CPU.ActiveCfg = Debug|Any CPU
		{B00321A1-7091-4934-B7CB-F0FB723825FF}.Debug|Any CPU.Build.0 = Debug|Any CPU
		{B00321A1-7091-4934-B7CB-F0FB723825FF}.Release|Any CPU.ActiveCfg = Release|Any CPU
		{B00321A1-7091-4934-B7CB-F0FB723825FF}.Release|Any CPU.Build.0 = Release|Any CPU
		{60A69467-7092-4BA7-9E18-7FA23EBD038F}.Debug|Any CPU.ActiveCfg = Debug|Any CPU
		{60A69467-7092-4BA7-9E18-7FA23EBD038F}.Debug|Any CPU.Build.0 = Debug|Any CPU
		{60A69467-7092-4BA7-9E18-7FA23EBD038F}.Release|Any CPU.ActiveCfg = Release|Any CPU
		{60A69467-7092-4BA7-9E18-7FA23EBD038F}.Release|Any CPU.Build.0 = Release|Any CPU
		{E271511E-8580-4994-909B-6B9C7C94E4A0}.Debug|Any CPU.ActiveCfg = Debug|Any CPU
		{E271511E-8580-4994-909B-6B9C7C94E4A0}.Debug|Any CPU.Build.0 = Debug|Any CPU
		{E271511E-8580-4994-909B-6B9C7C94E4A0}.Release|Any CPU.ActiveCfg = Release|Any CPU
		{E271511E-8580-4994-909B-6B9C7C94E4A0}.Release|Any CPU.Build.0 = Release|Any CPU
		{C0304D51-C087-4204-8D5D-C7AFD0BFCFBA}.Debug|Any CPU.ActiveCfg = Debug|Any CPU
		{C0304D51-C087-4204-8D5D-C7AFD0BFCFBA}.Debug|Any CPU.Build.0 = Debug|Any CPU
		{C0304D51-C087-4204-8D5D-C7AFD0BFCFBA}.Release|Any CPU.ActiveCfg = Release|Any CPU
		{C0304D51-C087-4204-8D5D-C7AFD0BFCFBA}.Release|Any CPU.Build.0 = Release|Any CPU
		{758F6084-CCE3-4BFB-8F7B-381361618880}.Debug|Any CPU.ActiveCfg = Debug|Any CPU
		{758F6084-CCE3-4BFB-8F7B-381361618880}.Debug|Any CPU.Build.0 = Debug|Any CPU
		{758F6084-CCE3-4BFB-8F7B-381361618880}.Release|Any CPU.ActiveCfg = Release|Any CPU
		{758F6084-CCE3-4BFB-8F7B-381361618880}.Release|Any CPU.Build.0 = Release|Any CPU
		{2D9F3947-2B52-4050-A22D-5A048FEF05E5}.Debug|Any CPU.ActiveCfg = Debug|Any CPU
		{2D9F3947-2B52-4050-A22D-5A048FEF05E5}.Debug|Any CPU.Build.0 = Debug|Any CPU
		{2D9F3947-2B52-4050-A22D-5A048FEF05E5}.Release|Any CPU.ActiveCfg = Release|Any CPU
		{2D9F3947-2B52-4050-A22D-5A048FEF05E5}.Release|Any CPU.Build.0 = Release|Any CPU
		{BE62DEED-3A1D-43E8-AF0D-A0179D46CA36}.Debug|Any CPU.ActiveCfg = Debug|Any CPU
		{BE62DEED-3A1D-43E8-AF0D-A0179D46CA36}.Debug|Any CPU.Build.0 = Debug|Any CPU
		{BE62DEED-3A1D-43E8-AF0D-A0179D46CA36}.Release|Any CPU.ActiveCfg = Release|Any CPU
		{BE62DEED-3A1D-43E8-AF0D-A0179D46CA36}.Release|Any CPU.Build.0 = Release|Any CPU
		{61E59376-BCEC-4E0A-9791-5505508A7516}.Debug|Any CPU.ActiveCfg = Debug|Any CPU
		{61E59376-BCEC-4E0A-9791-5505508A7516}.Debug|Any CPU.Build.0 = Debug|Any CPU
		{61E59376-BCEC-4E0A-9791-5505508A7516}.Release|Any CPU.ActiveCfg = Release|Any CPU
		{61E59376-BCEC-4E0A-9791-5505508A7516}.Release|Any CPU.Build.0 = Release|Any CPU
		{EF341108-8649-4A59-9B5A-CD7DFD33DDDB}.Debug|Any CPU.ActiveCfg = Debug|Any CPU
		{EF341108-8649-4A59-9B5A-CD7DFD33DDDB}.Debug|Any CPU.Build.0 = Debug|Any CPU
		{EF341108-8649-4A59-9B5A-CD7DFD33DDDB}.Release|Any CPU.ActiveCfg = Release|Any CPU
		{EF341108-8649-4A59-9B5A-CD7DFD33DDDB}.Release|Any CPU.Build.0 = Release|Any CPU
		{6C1196CE-74CA-4081-A888-814B9EE86449}.Debug|Any CPU.ActiveCfg = Debug|Any CPU
		{6C1196CE-74CA-4081-A888-814B9EE86449}.Debug|Any CPU.Build.0 = Debug|Any CPU
		{6C1196CE-74CA-4081-A888-814B9EE86449}.Release|Any CPU.ActiveCfg = Release|Any CPU
		{6C1196CE-74CA-4081-A888-814B9EE86449}.Release|Any CPU.Build.0 = Release|Any CPU
		{8EF1B24A-1961-468E-A9C5-4551AD5DF3C1}.Debug|Any CPU.ActiveCfg = Debug|Any CPU
		{8EF1B24A-1961-468E-A9C5-4551AD5DF3C1}.Debug|Any CPU.Build.0 = Debug|Any CPU
		{8EF1B24A-1961-468E-A9C5-4551AD5DF3C1}.Release|Any CPU.ActiveCfg = Release|Any CPU
		{8EF1B24A-1961-468E-A9C5-4551AD5DF3C1}.Release|Any CPU.Build.0 = Release|Any CPU
		{CFB1D1F7-19FF-455F-B207-69E92E59A354}.Debug|Any CPU.ActiveCfg = Debug|Any CPU
		{CFB1D1F7-19FF-455F-B207-69E92E59A354}.Debug|Any CPU.Build.0 = Debug|Any CPU
		{CFB1D1F7-19FF-455F-B207-69E92E59A354}.Release|Any CPU.ActiveCfg = Release|Any CPU
		{CFB1D1F7-19FF-455F-B207-69E92E59A354}.Release|Any CPU.Build.0 = Release|Any CPU
		{AAA7845F-D4F0-46F6-80AD-F1BCFBAEC4EB}.Debug|Any CPU.ActiveCfg = Debug|Any CPU
		{AAA7845F-D4F0-46F6-80AD-F1BCFBAEC4EB}.Debug|Any CPU.Build.0 = Debug|Any CPU
		{AAA7845F-D4F0-46F6-80AD-F1BCFBAEC4EB}.Release|Any CPU.ActiveCfg = Release|Any CPU
		{AAA7845F-D4F0-46F6-80AD-F1BCFBAEC4EB}.Release|Any CPU.Build.0 = Release|Any CPU
		{D0B7AECF-24D4-4EFA-A7C7-4E53B9E7D568}.Debug|Any CPU.ActiveCfg = Debug|Any CPU
		{D0B7AECF-24D4-4EFA-A7C7-4E53B9E7D568}.Debug|Any CPU.Build.0 = Debug|Any CPU
		{D0B7AECF-24D4-4EFA-A7C7-4E53B9E7D568}.Release|Any CPU.ActiveCfg = Release|Any CPU
		{D0B7AECF-24D4-4EFA-A7C7-4E53B9E7D568}.Release|Any CPU.Build.0 = Release|Any CPU
		{DC6FA48C-80EC-4A62-AB8A-B1C420D32B9A}.Debug|Any CPU.ActiveCfg = Debug|Any CPU
		{DC6FA48C-80EC-4A62-AB8A-B1C420D32B9A}.Debug|Any CPU.Build.0 = Debug|Any CPU
		{DC6FA48C-80EC-4A62-AB8A-B1C420D32B9A}.Release|Any CPU.ActiveCfg = Release|Any CPU
		{DC6FA48C-80EC-4A62-AB8A-B1C420D32B9A}.Release|Any CPU.Build.0 = Release|Any CPU
	EndGlobalSection
	GlobalSection(SolutionProperties) = preSolution
		HideSolutionNode = FALSE
	EndGlobalSection
	GlobalSection(NestedProjects) = preSolution
		{A035E2C3-5413-476E-92D8-0E641B12ED05} = {C8E39822-E596-4B27-A8B9-B6770EA620B7}
		{91046628-0CFC-49C2-A3EC-85E132B97EC9} = {249C41B1-3B73-4AA2-AFE5-40F7517C251A}
		{249C41B1-3B73-4AA2-AFE5-40F7517C251A} = {C8E39822-E596-4B27-A8B9-B6770EA620B7}
		{50CE9E97-4641-4A36-92FC-B2D16B0489DC} = {249C41B1-3B73-4AA2-AFE5-40F7517C251A}
		{224C02E1-3B24-4253-B7FA-7A3474761F32} = {249C41B1-3B73-4AA2-AFE5-40F7517C251A}
		{A537AB8C-88AA-4C9C-AE0C-37D0A19761E8} = {A035E2C3-5413-476E-92D8-0E641B12ED05}
		{171A5DF0-1306-431E-89D0-5E0D52BC7F98} = {C8E39822-E596-4B27-A8B9-B6770EA620B7}
		{1EA0D4C1-DD76-41BD-AB6A-1047134EC461} = {A035E2C3-5413-476E-92D8-0E641B12ED05}
		{5BFAFB16-B5BB-44AC-A1BC-E4AEE5F9527C} = {A035E2C3-5413-476E-92D8-0E641B12ED05}
		{E36DDCAD-C454-40D0-BE6C-057C224BE852} = {A035E2C3-5413-476E-92D8-0E641B12ED05}
		{C44DF2D1-F468-4C17-8EFD-0E22DD0DDD69} = {A035E2C3-5413-476E-92D8-0E641B12ED05}
		{03E405FD-28DE-4B6A-8B6B-A03552269109} = {91046628-0CFC-49C2-A3EC-85E132B97EC9}
		{33CCD635-F701-438D-8D13-08B0B07D6B26} = {91046628-0CFC-49C2-A3EC-85E132B97EC9}
		{02C4E48D-8665-4E56-BA9E-1D10D8AD37D7} = {91046628-0CFC-49C2-A3EC-85E132B97EC9}
		{272AECE3-9F23-4074-8055-7A25095DCC7B} = {50CE9E97-4641-4A36-92FC-B2D16B0489DC}
		{B00321A1-7091-4934-B7CB-F0FB723825FF} = {50CE9E97-4641-4A36-92FC-B2D16B0489DC}
		{60A69467-7092-4BA7-9E18-7FA23EBD038F} = {224C02E1-3B24-4253-B7FA-7A3474761F32}
		{E271511E-8580-4994-909B-6B9C7C94E4A0} = {224C02E1-3B24-4253-B7FA-7A3474761F32}
		{C0304D51-C087-4204-8D5D-C7AFD0BFCFBA} = {224C02E1-3B24-4253-B7FA-7A3474761F32}
		{758F6084-CCE3-4BFB-8F7B-381361618880} = {249C41B1-3B73-4AA2-AFE5-40F7517C251A}
		{2D9F3947-2B52-4050-A22D-5A048FEF05E5} = {249C41B1-3B73-4AA2-AFE5-40F7517C251A}
		{BE62DEED-3A1D-43E8-AF0D-A0179D46CA36} = {249C41B1-3B73-4AA2-AFE5-40F7517C251A}
		{61E59376-BCEC-4E0A-9791-5505508A7516} = {249C41B1-3B73-4AA2-AFE5-40F7517C251A}
		{EF341108-8649-4A59-9B5A-CD7DFD33DDDB} = {C8E39822-E596-4B27-A8B9-B6770EA620B7}
		{6C1196CE-74CA-4081-A888-814B9EE86449} = {C8E39822-E596-4B27-A8B9-B6770EA620B7}
		{8EF1B24A-1961-468E-A9C5-4551AD5DF3C1} = {224C02E1-3B24-4253-B7FA-7A3474761F32}
		{AAA7845F-D4F0-46F6-80AD-F1BCFBAEC4EB} = {58221ED9-B825-4238-BCF6-928B1EAFE049}
	EndGlobalSection
	GlobalSection(ExtensibilityGlobals) = postSolution
		SolutionGuid = {1FA9E5BD-BA03-46E9-8996-B911C3AD0015}
	EndGlobalSection
EndGlobal
